<?xml version="1.0" encoding="utf-8"?>
<Project ToolsVersion="4.0" xmlns="http://schemas.microsoft.com/developer/msbuild/2003">
  <ItemGroup>
    <Filter Include="源文件">
      <UniqueIdentifier>{4FC737F1-C7A5-4376-A066-2A32D752A2FF}</UniqueIdentifier>
      <Extensions>cpp;c;cc;cxx;def;odl;idl;hpj;bat;asm;asmx</Extensions>
    </Filter>
    <Filter Include="头文件">
      <UniqueIdentifier>{93995380-89BD-4b04-88EB-625FBE52EBFB}</UniqueIdentifier>
      <Extensions>h;hh;hpp;hxx;hm;inl;inc;ipp;xsd</Extensions>
    </Filter>
    <Filter Include="资源文件">
      <UniqueIdentifier>{67DA6AB6-F800-4c08-8B7A-83BB121AAD01}</UniqueIdentifier>
      <Extensions>rc;ico;cur;bmp;dlg;rc2;rct;bin;rgs;gif;jpg;jpeg;jpe;resx;tiff;tif;png;wav;mfcribbon-ms</Extensions>
    </Filter>
    <Filter Include="test">
      <UniqueIdentifier>{a708cc11-e547-4e40-b1d5-b904053ae226}</UniqueIdentifier>
    </Filter>
    <Filter Include="IR">
      <UniqueIdentifier>{f1af6333-e1e3-4765-af43-b0ad8eecda78}</UniqueIdentifier>
    </Filter>
    <Filter Include="Mips">
      <UniqueIdentifier>{e702331e-2896-4056-8385-d0a4b10ec5c7}</UniqueIdentifier>
    </Filter>
  </ItemGroup>
  <ItemGroup>
    <ClInclude Include="Lex.h">
      <Filter>头文件</Filter>
    </ClInclude>
    <ClInclude Include="Token.h">
      <Filter>头文件</Filter>
    </ClInclude>
    <ClInclude Include="Const.h">
      <Filter>头文件</Filter>
    </ClInclude>
    <ClInclude Include="Shared.h">
      <Filter>头文件</Filter>
    </ClInclude>
    <ClInclude Include="Table.h">
      <Filter>头文件</Filter>
    </ClInclude>
    <ClInclude Include="Syntax.h">
      <Filter>头文件</Filter>
    </ClInclude>
    <ClInclude Include="SyntaxHelper.h">
      <Filter>头文件</Filter>
    </ClInclude>
    <ClInclude Include="LexHelper.h">
      <Filter>头文件</Filter>
    </ClInclude>
    <ClInclude Include="Log.h">
      <Filter>头文件</Filter>
    </ClInclude>
    <ClInclude Include="IR.h">
      <Filter>头文件</Filter>
    </ClInclude>
    <ClInclude Include="IRHelper.h">
      <Filter>头文件</Filter>
    </ClInclude>
    <ClInclude Include="QuadCode.h">
      <Filter>头文件</Filter>
    </ClInclude>
    <ClInclude Include="Asm.h">
      <Filter>头文件</Filter>
    </ClInclude>
    <ClInclude Include="AsmHelper.h">
      <Filter>头文件</Filter>
    </ClInclude>
  </ItemGroup>
  <ItemGroup>
    <ClCompile Include="main.cpp">
      <Filter>源文件</Filter>
    </ClCompile>
  </ItemGroup>
  <ItemGroup>
    <Text Include="main.txt">
      <Filter>test</Filter>
    </Text>
    <Text Include="printf.txt">
      <Filter>test</Filter>
    </Text>
    <Text Include="test2.txt">
      <Filter>test</Filter>
    </Text>
    <Text Include="error_test.txt">
      <Filter>test</Filter>
    </Text>
    <Text Include="test3.txt">
      <Filter>test</Filter>
    </Text>
    <Text Include="table.txt">
      <Filter>test</Filter>
    </Text>
    <Text Include="IR.txt">
      <Filter>IR</Filter>
    </Text>
    <Text Include="memo.txt" />
    <Text Include="for.txt">
      <Filter>test</Filter>
    </Text>
    <Text Include="dowhile.txt">
      <Filter>test</Filter>
    </Text>
    <Text Include="Mips.asm">
      <Filter>Mips</Filter>
    </Text>
    <Text Include="calc.txt">
      <Filter>test</Filter>
    </Text>
    <Text Include="assign.txt">
      <Filter>test</Filter>
    </Text>
    <Text Include="Test.txt">
      <Filter>test</Filter>
    </Text>
    <Text Include="if.txt">
      <Filter>test</Filter>
    </Text>
  </ItemGroup>
</Project>